// !$*UTF8*$!
{
	archiveVersion = 1;
	classes = {
	};
	objectVersion = 48;
	objects = {

/* Begin PBXBuildFile section */
		B1424B731EFFC15400D8209F /* UIView.swift in Sources */ = {isa = PBXBuildFile; fileRef = B1424B721EFFC15400D8209F /* UIView.swift */; };
		B1424B761EFFC20E00D8209F /* GradientView.swift in Sources */ = {isa = PBXBuildFile; fileRef = B1424B751EFFC20E00D8209F /* GradientView.swift */; };
		B149BC721EFEBC0300359005 /* AppDelegate.swift in Sources */ = {isa = PBXBuildFile; fileRef = B149BC711EFEBC0300359005 /* AppDelegate.swift */; };
		B149BC7C1EFEBC0300359005 /* LaunchScreen.storyboard in Resources */ = {isa = PBXBuildFile; fileRef = B149BC7A1EFEBC0300359005 /* LaunchScreen.storyboard */; };
		B149BC881EFEBE7F00359005 /* UIViewController.swift in Sources */ = {isa = PBXBuildFile; fileRef = B149BC871EFEBE7F00359005 /* UIViewController.swift */; };
		B185CD3C1EFEC1AF000A2618 /* FiestasViewController.swift in Sources */ = {isa = PBXBuildFile; fileRef = B185CD3B1EFEC1AF000A2618 /* FiestasViewController.swift */; };
		B185CD3E1EFEC1C1000A2618 /* Fiestas.storyboard in Resources */ = {isa = PBXBuildFile; fileRef = B185CD3D1EFEC1C1000A2618 /* Fiestas.storyboard */; };
		B185CD441EFEC45C000A2618 /* TabBarController.swift in Sources */ = {isa = PBXBuildFile; fileRef = B185CD431EFEC45C000A2618 /* TabBarController.swift */; };
		B185CD461EFECA6C000A2618 /* UIColor.swift in Sources */ = {isa = PBXBuildFile; fileRef = B185CD451EFECA6C000A2618 /* UIColor.swift */; };
		B18A30111EFFD5CB00A36DE5 /* Assets.xcassets in Resources */ = {isa = PBXBuildFile; fileRef = B18A30101EFFD4BC00A36DE5 /* Assets.xcassets */; };
		B1D9D5121F002558009B0A49 /* Webservice.swift in Sources */ = {isa = PBXBuildFile; fileRef = B1D9D5111F002558009B0A49 /* Webservice.swift */; };
		B1D9D5141F002A21009B0A49 /* DataProvider.swift in Sources */ = {isa = PBXBuildFile; fileRef = B1D9D5131F002A21009B0A49 /* DataProvider.swift */; };
		B1D9D5161F00309F009B0A49 /* Fiesta.swift in Sources */ = {isa = PBXBuildFile; fileRef = B1D9D5151F00309F009B0A49 /* Fiesta.swift */; };
		B1D9D5181F003AAD009B0A49 /* Tabbar.storyboard in Resources */ = {isa = PBXBuildFile; fileRef = B1D9D5171F003AAD009B0A49 /* Tabbar.storyboard */; };
		B1E6E4FA1EFFEB6900B3550B /* TimelineViewController.swift in Sources */ = {isa = PBXBuildFile; fileRef = B1E6E4F91EFFEB6900B3550B /* TimelineViewController.swift */; };
		B1E6E4FC1EFFEB8200B3550B /* Timeline.storyboard in Resources */ = {isa = PBXBuildFile; fileRef = B1E6E4FB1EFFEB8200B3550B /* Timeline.storyboard */; };
/* End PBXBuildFile section */

/* Begin PBXFileReference section */
		B1424B721EFFC15400D8209F /* UIView.swift */ = {isa = PBXFileReference; lastKnownFileType = sourcecode.swift; path = UIView.swift; sourceTree = "<group>"; };
		B1424B751EFFC20E00D8209F /* GradientView.swift */ = {isa = PBXFileReference; lastKnownFileType = sourcecode.swift; path = GradientView.swift; sourceTree = "<group>"; };
		B149BC6E1EFEBC0300359005 /* Menorca.app */ = {isa = PBXFileReference; explicitFileType = wrapper.application; includeInIndex = 0; path = Menorca.app; sourceTree = BUILT_PRODUCTS_DIR; };
		B149BC711EFEBC0300359005 /* AppDelegate.swift */ = {isa = PBXFileReference; lastKnownFileType = sourcecode.swift; path = AppDelegate.swift; sourceTree = "<group>"; };
		B149BC7B1EFEBC0300359005 /* Base */ = {isa = PBXFileReference; lastKnownFileType = file.storyboard; name = Base; path = Base.lproj/LaunchScreen.storyboard; sourceTree = "<group>"; };
		B149BC7D1EFEBC0300359005 /* Info.plist */ = {isa = PBXFileReference; lastKnownFileType = text.plist.xml; path = Info.plist; sourceTree = "<group>"; };
		B149BC871EFEBE7F00359005 /* UIViewController.swift */ = {isa = PBXFileReference; lastKnownFileType = sourcecode.swift; path = UIViewController.swift; sourceTree = "<group>"; };
		B185CD3B1EFEC1AF000A2618 /* FiestasViewController.swift */ = {isa = PBXFileReference; lastKnownFileType = sourcecode.swift; path = FiestasViewController.swift; sourceTree = "<group>"; };
		B185CD3D1EFEC1C1000A2618 /* Fiestas.storyboard */ = {isa = PBXFileReference; lastKnownFileType = file.storyboard; path = Fiestas.storyboard; sourceTree = "<group>"; };
		B185CD431EFEC45C000A2618 /* TabBarController.swift */ = {isa = PBXFileReference; lastKnownFileType = sourcecode.swift; path = TabBarController.swift; sourceTree = "<group>"; };
		B185CD451EFECA6C000A2618 /* UIColor.swift */ = {isa = PBXFileReference; lastKnownFileType = sourcecode.swift; path = UIColor.swift; sourceTree = "<group>"; };
		B18A30101EFFD4BC00A36DE5 /* Assets.xcassets */ = {isa = PBXFileReference; lastKnownFileType = folder.assetcatalog; path = Assets.xcassets; sourceTree = "<group>"; };
		B1D9D5111F002558009B0A49 /* Webservice.swift */ = {isa = PBXFileReference; lastKnownFileType = sourcecode.swift; path = Webservice.swift; sourceTree = "<group>"; };
		B1D9D5131F002A21009B0A49 /* DataProvider.swift */ = {isa = PBXFileReference; lastKnownFileType = sourcecode.swift; path = DataProvider.swift; sourceTree = "<group>"; };
		B1D9D5151F00309F009B0A49 /* Fiesta.swift */ = {isa = PBXFileReference; lastKnownFileType = sourcecode.swift; path = Fiesta.swift; sourceTree = "<group>"; };
		B1D9D5171F003AAD009B0A49 /* Tabbar.storyboard */ = {isa = PBXFileReference; lastKnownFileType = file.storyboard; path = Tabbar.storyboard; sourceTree = "<group>"; };
		B1E6E4F91EFFEB6900B3550B /* TimelineViewController.swift */ = {isa = PBXFileReference; lastKnownFileType = sourcecode.swift; path = TimelineViewController.swift; sourceTree = "<group>"; };
		B1E6E4FB1EFFEB8200B3550B /* Timeline.storyboard */ = {isa = PBXFileReference; lastKnownFileType = file.storyboard; path = Timeline.storyboard; sourceTree = "<group>"; };
/* End PBXFileReference section */

/* Begin PBXFrameworksBuildPhase section */
		B149BC6B1EFEBC0200359005 /* Frameworks */ = {
			isa = PBXFrameworksBuildPhase;
			buildActionMask = 2147483647;
			files = (
			);
			runOnlyForDeploymentPostprocessing = 0;
		};
/* End PBXFrameworksBuildPhase section */

/* Begin PBXGroup section */
		B1424B741EFFC1F900D8209F /* View */ = {
			isa = PBXGroup;
			children = (
				B1424B751EFFC20E00D8209F /* GradientView.swift */,
			);
			name = View;
			sourceTree = "<group>";
		};
		B1424B771EFFC22200D8209F /* Model */ = {
			isa = PBXGroup;
			children = (
				B1D9D5151F00309F009B0A49 /* Fiesta.swift */,
			);
			name = Model;
			sourceTree = "<group>";
		};
		B1424B781EFFC22800D8209F /* Controller */ = {
			isa = PBXGroup;
			children = (
				B185CD401EFEC40F000A2618 /* TabBarController */,
				B185CD3F1EFEC3F4000A2618 /* FiestasViewController */,
			);
			name = Controller;
			sourceTree = "<group>";
		};
		B149BC651EFEBC0200359005 = {
			isa = PBXGroup;
			children = (
				B149BC701EFEBC0300359005 /* Menorca */,
				B149BC6F1EFEBC0300359005 /* Products */,
			);
			sourceTree = "<group>";
		};
		B149BC6F1EFEBC0300359005 /* Products */ = {
			isa = PBXGroup;
			children = (
				B149BC6E1EFEBC0300359005 /* Menorca.app */,
			);
			name = Products;
			sourceTree = "<group>";
		};
		B149BC701EFEBC0300359005 /* Menorca */ = {
			isa = PBXGroup;
			children = (
				B149BC711EFEBC0300359005 /* AppDelegate.swift */,
				B1424B771EFFC22200D8209F /* Model */,
				B1424B741EFFC1F900D8209F /* View */,
				B1424B781EFFC22800D8209F /* Controller */,
				B1D9D5101F00253A009B0A49 /* Data Provider */,
				B149BC851EFEBDAE00359005 /* Extra */,
			);
			path = Menorca;
			sourceTree = "<group>";
		};
		B149BC851EFEBDAE00359005 /* Extra */ = {
			isa = PBXGroup;
			children = (
				B149BC861EFEBE6100359005 /* UIKit Extensions */,
				B149BC7A1EFEBC0300359005 /* LaunchScreen.storyboard */,
				B18A30101EFFD4BC00A36DE5 /* Assets.xcassets */,
				B149BC7D1EFEBC0300359005 /* Info.plist */,
			);
			name = Extra;
			sourceTree = "<group>";
		};
		B149BC861EFEBE6100359005 /* UIKit Extensions */ = {
			isa = PBXGroup;
			children = (
				B149BC871EFEBE7F00359005 /* UIViewController.swift */,
				B185CD451EFECA6C000A2618 /* UIColor.swift */,
				B1424B721EFFC15400D8209F /* UIView.swift */,
			);
			name = "UIKit Extensions";
			sourceTree = "<group>";
		};
		B185CD3F1EFEC3F4000A2618 /* FiestasViewController */ = {
			isa = PBXGroup;
			children = (
				B185CD3B1EFEC1AF000A2618 /* FiestasViewController.swift */,
				B185CD3D1EFEC1C1000A2618 /* Fiestas.storyboard */,
				B1E6E4F81EFFEB3B00B3550B /* TimelineViewController */,
			);
			name = FiestasViewController;
			sourceTree = "<group>";
		};
		B185CD401EFEC40F000A2618 /* TabBarController */ = {
			isa = PBXGroup;
			children = (
				B185CD431EFEC45C000A2618 /* TabBarController.swift */,
				B1D9D5171F003AAD009B0A49 /* Tabbar.storyboard */,
			);
			name = TabBarController;
			sourceTree = "<group>";
		};
		B1D9D5101F00253A009B0A49 /* Data Provider */ = {
			isa = PBXGroup;
			children = (
				B1D9D5131F002A21009B0A49 /* DataProvider.swift */,
				B1D9D5111F002558009B0A49 /* Webservice.swift */,
			);
			name = "Data Provider";
			sourceTree = "<group>";
		};
		B1E6E4F81EFFEB3B00B3550B /* TimelineViewController */ = {
			isa = PBXGroup;
			children = (
				B1E6E4F91EFFEB6900B3550B /* TimelineViewController.swift */,
				B1E6E4FB1EFFEB8200B3550B /* Timeline.storyboard */,
			);
			name = TimelineViewController;
			sourceTree = "<group>";
		};
/* End PBXGroup section */

/* Begin PBXNativeTarget section */
		B149BC6D1EFEBC0200359005 /* Menorca */ = {
			isa = PBXNativeTarget;
			buildConfigurationList = B149BC801EFEBC0300359005 /* Build configuration list for PBXNativeTarget "Menorca" */;
			buildPhases = (
				B149BC6A1EFEBC0200359005 /* Sources */,
				B149BC6B1EFEBC0200359005 /* Frameworks */,
				B149BC6C1EFEBC0200359005 /* Resources */,
			);
			buildRules = (
			);
			dependencies = (
			);
			name = Menorca;
			productName = Menorca;
			productReference = B149BC6E1EFEBC0300359005 /* Menorca.app */;
			productType = "com.apple.product-type.application";
		};
/* End PBXNativeTarget section */

/* Begin PBXProject section */
		B149BC661EFEBC0200359005 /* Project object */ = {
			isa = PBXProject;
			attributes = {
				LastSwiftUpdateCheck = 0900;
				LastUpgradeCheck = 0900;
				ORGANIZATIONNAME = "Xavi Moll";
				TargetAttributes = {
					B149BC6D1EFEBC0200359005 = {
						CreatedOnToolsVersion = 9.0;
					};
				};
			};
			buildConfigurationList = B149BC691EFEBC0200359005 /* Build configuration list for PBXProject "Menorca" */;
			compatibilityVersion = "Xcode 8.0";
			developmentRegion = en;
			hasScannedForEncodings = 0;
			knownRegions = (
				en,
				Base,
			);
			mainGroup = B149BC651EFEBC0200359005;
			productRefGroup = B149BC6F1EFEBC0300359005 /* Products */;
			projectDirPath = "";
			projectRoot = "";
			targets = (
				B149BC6D1EFEBC0200359005 /* Menorca */,
			);
		};
/* End PBXProject section */

/* Begin PBXResourcesBuildPhase section */
		B149BC6C1EFEBC0200359005 /* Resources */ = {
			isa = PBXResourcesBuildPhase;
			buildActionMask = 2147483647;
			files = (
				B1D9D5181F003AAD009B0A49 /* Tabbar.storyboard in Resources */,
				B185CD3E1EFEC1C1000A2618 /* Fiestas.storyboard in Resources */,
				B1E6E4FC1EFFEB8200B3550B /* Timeline.storyboard in Resources */,
				B18A30111EFFD5CB00A36DE5 /* Assets.xcassets in Resources */,
				B149BC7C1EFEBC0300359005 /* LaunchScreen.storyboard in Resources */,
			);
			runOnlyForDeploymentPostprocessing = 0;
		};
/* End PBXResourcesBuildPhase section */

/* Begin PBXSourcesBuildPhase section */
		B149BC6A1EFEBC0200359005 /* Sources */ = {
			isa = PBXSourcesBuildPhase;
			buildActionMask = 2147483647;
			files = (
				B185CD3C1EFEC1AF000A2618 /* FiestasViewController.swift in Sources */,
				B185CD441EFEC45C000A2618 /* TabBarController.swift in Sources */,
				B1D9D5141F002A21009B0A49 /* DataProvider.swift in Sources */,
				B149BC721EFEBC0300359005 /* AppDelegate.swift in Sources */,
				B149BC881EFEBE7F00359005 /* UIViewController.swift in Sources */,
				B1424B761EFFC20E00D8209F /* GradientView.swift in Sources */,
				B1E6E4FA1EFFEB6900B3550B /* TimelineViewController.swift in Sources */,
				B1D9D5161F00309F009B0A49 /* Fiesta.swift in Sources */,
				B1424B731EFFC15400D8209F /* UIView.swift in Sources */,
				B185CD461EFECA6C000A2618 /* UIColor.swift in Sources */,
				B1D9D5121F002558009B0A49 /* Webservice.swift in Sources */,
			);
			runOnlyForDeploymentPostprocessing = 0;
		};
/* End PBXSourcesBuildPhase section */

/* Begin PBXVariantGroup section */
		B149BC7A1EFEBC0300359005 /* LaunchScreen.storyboard */ = {
			isa = PBXVariantGroup;
			children = (
				B149BC7B1EFEBC0300359005 /* Base */,
			);
			name = LaunchScreen.storyboard;
			sourceTree = "<group>";
		};
/* End PBXVariantGroup section */

/* Begin XCBuildConfiguration section */
		B149BC7E1EFEBC0300359005 /* Debug */ = {
			isa = XCBuildConfiguration;
			buildSettings = {
				ALWAYS_SEARCH_USER_PATHS = NO;
				CLANG_ANALYZER_NONNULL = YES;
				CLANG_ANALYZER_NUMBER_OBJECT_CONVERSION = YES_AGGRESSIVE;
				CLANG_CXX_LANGUAGE_STANDARD = "gnu++14";
				CLANG_CXX_LIBRARY = "libc++";
				CLANG_ENABLE_MODULES = YES;
				CLANG_ENABLE_OBJC_ARC = YES;
				CLANG_WARN_BLOCK_CAPTURE_AUTORELEASING = YES;
				CLANG_WARN_BOOL_CONVERSION = YES;
				CLANG_WARN_COMMA = YES;
				CLANG_WARN_CONSTANT_CONVERSION = YES;
				CLANG_WARN_DIRECT_OBJC_ISA_USAGE = YES_ERROR;
				CLANG_WARN_DOCUMENTATION_COMMENTS = YES;
				CLANG_WARN_EMPTY_BODY = YES;
				CLANG_WARN_ENUM_CONVERSION = YES;
				CLANG_WARN_INFINITE_RECURSION = YES;
				CLANG_WARN_INT_CONVERSION = YES;
				CLANG_WARN_NON_LITERAL_NULL_CONVERSION = YES;
				CLANG_WARN_OBJC_LITERAL_CONVERSION = YES;
				CLANG_WARN_OBJC_ROOT_CLASS = YES_ERROR;
				CLANG_WARN_RANGE_LOOP_ANALYSIS = YES;
				CLANG_WARN_STRICT_PROTOTYPES = YES;
				CLANG_WARN_SUSPICIOUS_MOVE = YES;
				CLANG_WARN_UNGUARDED_AVAILABILITY = YES_AGGRESSIVE;
				CLANG_WARN_UNREACHABLE_CODE = YES;
				CLANG_WARN__DUPLICATE_METHOD_MATCH = YES;
				CODE_SIGN_IDENTITY = "iPhone Developer";
				COPY_PHASE_STRIP = NO;
				DEBUG_INFORMATION_FORMAT = dwarf;
				ENABLE_STRICT_OBJC_MSGSEND = YES;
				ENABLE_TESTABILITY = YES;
				GCC_C_LANGUAGE_STANDARD = gnu11;
				GCC_DYNAMIC_NO_PIC = NO;
				GCC_NO_COMMON_BLOCKS = YES;
				GCC_OPTIMIZATION_LEVEL = 0;
				GCC_PREPROCESSOR_DEFINITIONS = (
					"DEBUG=1",
					"$(inherited)",
				);
				GCC_WARN_64_TO_32_BIT_CONVERSION = YES;
				GCC_WARN_ABOUT_RETURN_TYPE = YES_ERROR;
				GCC_WARN_UNDECLARED_SELECTOR = YES;
				GCC_WARN_UNINITIALIZED_AUTOS = YES_AGGRESSIVE;
				GCC_WARN_UNUSED_FUNCTION = YES;
				GCC_WARN_UNUSED_VARIABLE = YES;
				IPHONEOS_DEPLOYMENT_TARGET = 11.0;
				MTL_ENABLE_DEBUG_INFO = YES;
				ONLY_ACTIVE_ARCH = YES;
				SDKROOT = iphoneos;
				SWIFT_ACTIVE_COMPILATION_CONDITIONS = DEBUG;
				SWIFT_OPTIMIZATION_LEVEL = "-Onone";
			};
			name = Debug;
		};
		B149BC7F1EFEBC0300359005 /* Release */ = {
			isa = XCBuildConfiguration;
			buildSettings = {
				ALWAYS_SEARCH_USER_PATHS = NO;
				CLANG_ANALYZER_NONNULL = YES;
				CLANG_ANALYZER_NUMBER_OBJECT_CONVERSION = YES_AGGRESSIVE;
				CLANG_CXX_LANGUAGE_STANDARD = "gnu++14";
				CLANG_CXX_LIBRARY = "libc++";
				CLANG_ENABLE_MODULES = YES;
				CLANG_ENABLE_OBJC_ARC = YES;
				CLANG_WARN_BLOCK_CAPTURE_AUTORELEASING = YES;
				CLANG_WARN_BOOL_CONVERSION = YES;
				CLANG_WARN_COMMA = YES;
				CLANG_WARN_CONSTANT_CONVERSION = YES;
				CLANG_WARN_DIRECT_OBJC_ISA_USAGE = YES_ERROR;
				CLANG_WARN_DOCUMENTATION_COMMENTS = YES;
				CLANG_WARN_EMPTY_BODY = YES;
				CLANG_WARN_ENUM_CONVERSION = YES;
				CLANG_WARN_INFINITE_RECURSION = YES;
				CLANG_WARN_INT_CONVERSION = YES;
				CLANG_WARN_NON_LITERAL_NULL_CONVERSION = YES;
				CLANG_WARN_OBJC_LITERAL_CONVERSION = YES;
				CLANG_WARN_OBJC_ROOT_CLASS = YES_ERROR;
				CLANG_WARN_RANGE_LOOP_ANALYSIS = YES;
				CLANG_WARN_STRICT_PROTOTYPES = YES;
				CLANG_WARN_SUSPICIOUS_MOVE = YES;
				CLANG_WARN_UNGUARDED_AVAILABILITY = YES_AGGRESSIVE;
				CLANG_WARN_UNREACHABLE_CODE = YES;
				CLANG_WARN__DUPLICATE_METHOD_MATCH = YES;
				CODE_SIGN_IDENTITY = "iPhone Developer";
				COPY_PHASE_STRIP = NO;
				DEBUG_INFORMATION_FORMAT = "dwarf-with-dsym";
				ENABLE_NS_ASSERTIONS = NO;
				ENABLE_STRICT_OBJC_MSGSEND = YES;
				GCC_C_LANGUAGE_STANDARD = gnu11;
				GCC_NO_COMMON_BLOCKS = YES;
				GCC_WARN_64_TO_32_BIT_CONVERSION = YES;
				GCC_WARN_ABOUT_RETURN_TYPE = YES_ERROR;
				GCC_WARN_UNDECLARED_SELECTOR = YES;
				GCC_WARN_UNINITIALIZED_AUTOS = YES_AGGRESSIVE;
				GCC_WARN_UNUSED_FUNCTION = YES;
				GCC_WARN_UNUSED_VARIABLE = YES;
				IPHONEOS_DEPLOYMENT_TARGET = 11.0;
				MTL_ENABLE_DEBUG_INFO = NO;
				SDKROOT = iphoneos;
				SWIFT_OPTIMIZATION_LEVEL = "-Owholemodule";
				VALIDATE_PRODUCT = YES;
			};
			name = Release;
		};
		B149BC811EFEBC0300359005 /* Debug */ = {
			isa = XCBuildConfiguration;
			buildSettings = {
				ASSETCATALOG_COMPILER_APPICON_NAME = AppIcon;
				DEVELOPMENT_TEAM = 63PYRNNP7M;
				INFOPLIST_FILE = Menorca/Info.plist;
				IPHONEOS_DEPLOYMENT_TARGET = 11.0;
				LD_RUNPATH_SEARCH_PATHS = "$(inherited) @executable_path/Frameworks";
				PRODUCT_BUNDLE_IDENTIFIER = com.xmollv.Menorca;
				PRODUCT_NAME = "$(TARGET_NAME)";
				SWIFT_VERSION = 4.0;
				TARGETED_DEVICE_FAMILY = 1;
			};
			name = Debug;
		};
		B149BC821EFEBC0300359005 /* Release */ = {
			isa = XCBuildConfiguration;
			buildSettings = {
				ASSETCATALOG_COMPILER_APPICON_NAME = AppIcon;
				DEVELOPMENT_TEAM = 63PYRNNP7M;
				INFOPLIST_FILE = Menorca/Info.plist;
				IPHONEOS_DEPLOYMENT_TARGET = 11.0;
				LD_RUNPATH_SEARCH_PATHS = "$(inherited) @executable_path/Frameworks";
				PRODUCT_BUNDLE_IDENTIFIER = com.xmollv.Menorca;
				PRODUCT_NAME = "$(TARGET_NAME)";
				SWIFT_VERSION = 4.0;
				TARGETED_DEVICE_FAMILY = 1;
			};
			name = Release;
		};
/* End XCBuildConfiguration section */

/* Begin XCConfigurationList section */
		B149BC691EFEBC0200359005 /* Build configuration list for PBXProject "Menorca" */ = {
			isa = XCConfigurationList;
			buildConfigurations = (
				B149BC7E1EFEBC0300359005 /* Debug */,
				B149BC7F1EFEBC0300359005 /* Release */,
			);
			defaultConfigurationIsVisible = 0;
			defaultConfigurationName = Release;
		};
		B149BC801EFEBC0300359005 /* Build configuration list for PBXNativeTarget "Menorca" */ = {
			isa = XCConfigurationList;
			buildConfigurations = (
				B149BC811EFEBC0300359005 /* Debug */,
				B149BC821EFEBC0300359005 /* Release */,
			);
			defaultConfigurationIsVisible = 0;
			defaultConfigurationName = Release;
		};
/* End XCConfigurationList section */
	};
	rootObject = B149BC661EFEBC0200359005 /* Project object */;
}
